// !$*UTF8*$!
{
	archiveVersion = 1;
	classes = {
	};
	objectVersion = 50;
	objects = {

/* Begin PBXBuildFile section */
		AE07073816D60D7F20D94356 /* libPods-WDContainerDemo.a in Frameworks */ = {isa = PBXBuildFile; fileRef = 48B8A8747C21F5285E28EE84 /* libPods-WDContainerDemo.a */; };
		EE9FEE3221C0D0BF00767A6E /* AppDelegate.m in Sources */ = {isa = PBXBuildFile; fileRef = EE9FEE3121C0D0BF00767A6E /* AppDelegate.m */; };
		EE9FEE3521C0D0BF00767A6E /* ViewController.m in Sources */ = {isa = PBXBuildFile; fileRef = EE9FEE3421C0D0BF00767A6E /* ViewController.m */; };
		EE9FEE3821C0D0BF00767A6E /* Main.storyboard in Resources */ = {isa = PBXBuildFile; fileRef = EE9FEE3621C0D0BF00767A6E /* Main.storyboard */; };
		EE9FEE3A21C0D0CD00767A6E /* Assets.xcassets in Resources */ = {isa = PBXBuildFile; fileRef = EE9FEE3921C0D0CD00767A6E /* Assets.xcassets */; };
		EE9FEE3D21C0D0CD00767A6E /* LaunchScreen.storyboard in Resources */ = {isa = PBXBuildFile; fileRef = EE9FEE3B21C0D0CD00767A6E /* LaunchScreen.storyboard */; };
		EE9FEE4021C0D0CD00767A6E /* main.m in Sources */ = {isa = PBXBuildFile; fileRef = EE9FEE3F21C0D0CD00767A6E /* main.m */; };
		EE9FEE4A21C0D0CD00767A6E /* WDContainerDemoUITests.m in Sources */ = {isa = PBXBuildFile; fileRef = EE9FEE4921C0D0CD00767A6E /* WDContainerDemoUITests.m */; };
		EE9FEE5721C0D32C00767A6E /* UIViewController+WDContainer.m in Sources */ = {isa = PBXBuildFile; fileRef = EE9FEE5621C0D32C00767A6E /* UIViewController+WDContainer.m */; };
		EE9FEE5A21C0EEA100767A6E /* TestVC1.m in Sources */ = {isa = PBXBuildFile; fileRef = EE9FEE5921C0EEA100767A6E /* TestVC1.m */; };
		EE9FEE5D21C0EEB400767A6E /* TestVC2.m in Sources */ = {isa = PBXBuildFile; fileRef = EE9FEE5C21C0EEB400767A6E /* TestVC2.m */; };
		EE9FEE6021C0EEC300767A6E /* TestVC3.m in Sources */ = {isa = PBXBuildFile; fileRef = EE9FEE5F21C0EEC300767A6E /* TestVC3.m */; };
		EEDE965521C9DC0C005C6C10 /* SecondViewController.m in Sources */ = {isa = PBXBuildFile; fileRef = EEDE965421C9DC0C005C6C10 /* SecondViewController.m */; };
		EEED79D221C3A60700866ECA /* UIResponder+Event.m in Sources */ = {isa = PBXBuildFile; fileRef = EEED79D021C3A60700866ECA /* UIResponder+Event.m */; };
/* End PBXBuildFile section */

/* Begin PBXContainerItemProxy section */
		EE9FEE4621C0D0CD00767A6E /* PBXContainerItemProxy */ = {
			isa = PBXContainerItemProxy;
			containerPortal = EE9FEE2521C0D0BE00767A6E /* Project object */;
			proxyType = 1;
			remoteGlobalIDString = EE9FEE2C21C0D0BE00767A6E;
			remoteInfo = WDContainerDemo;
		};
/* End PBXContainerItemProxy section */

/* Begin PBXFileReference section */
		48B8A8747C21F5285E28EE84 /* libPods-WDContainerDemo.a */ = {isa = PBXFileReference; explicitFileType = archive.ar; includeInIndex = 0; path = "libPods-WDContainerDemo.a"; sourceTree = BUILT_PRODUCTS_DIR; };
		5FDF7F45E31F47D3EF83FECF /* Pods-WDContainerDemo.debug.xcconfig */ = {isa = PBXFileReference; includeInIndex = 1; lastKnownFileType = text.xcconfig; name = "Pods-WDContainerDemo.debug.xcconfig"; path = "Pods/Target Support Files/Pods-WDContainerDemo/Pods-WDContainerDemo.debug.xcconfig"; sourceTree = "<group>"; };
		AE6E3909A2B5762E085B5307 /* Pods-WDContainerDemo.release.xcconfig */ = {isa = PBXFileReference; includeInIndex = 1; lastKnownFileType = text.xcconfig; name = "Pods-WDContainerDemo.release.xcconfig"; path = "Pods/Target Support Files/Pods-WDContainerDemo/Pods-WDContainerDemo.release.xcconfig"; sourceTree = "<group>"; };
		EE9FEE2D21C0D0BE00767A6E /* WDContainerDemo.app */ = {isa = PBXFileReference; explicitFileType = wrapper.application; includeInIndex = 0; path = WDContainerDemo.app; sourceTree = BUILT_PRODUCTS_DIR; };
		EE9FEE3021C0D0BF00767A6E /* AppDelegate.h */ = {isa = PBXFileReference; lastKnownFileType = sourcecode.c.h; path = AppDelegate.h; sourceTree = "<group>"; };
		EE9FEE3121C0D0BF00767A6E /* AppDelegate.m */ = {isa = PBXFileReference; lastKnownFileType = sourcecode.c.objc; path = AppDelegate.m; sourceTree = "<group>"; };
		EE9FEE3321C0D0BF00767A6E /* ViewController.h */ = {isa = PBXFileReference; lastKnownFileType = sourcecode.c.h; path = ViewController.h; sourceTree = "<group>"; };
		EE9FEE3421C0D0BF00767A6E /* ViewController.m */ = {isa = PBXFileReference; lastKnownFileType = sourcecode.c.objc; path = ViewController.m; sourceTree = "<group>"; };
		EE9FEE3721C0D0BF00767A6E /* Base */ = {isa = PBXFileReference; lastKnownFileType = file.storyboard; name = Base; path = Base.lproj/Main.storyboard; sourceTree = "<group>"; };
		EE9FEE3921C0D0CD00767A6E /* Assets.xcassets */ = {isa = PBXFileReference; lastKnownFileType = folder.assetcatalog; path = Assets.xcassets; sourceTree = "<group>"; };
		EE9FEE3C21C0D0CD00767A6E /* Base */ = {isa = PBXFileReference; lastKnownFileType = file.storyboard; name = Base; path = Base.lproj/LaunchScreen.storyboard; sourceTree = "<group>"; };
		EE9FEE3E21C0D0CD00767A6E /* Info.plist */ = {isa = PBXFileReference; lastKnownFileType = text.plist.xml; path = Info.plist; sourceTree = "<group>"; };
		EE9FEE3F21C0D0CD00767A6E /* main.m */ = {isa = PBXFileReference; lastKnownFileType = sourcecode.c.objc; path = main.m; sourceTree = "<group>"; };
		EE9FEE4521C0D0CD00767A6E /* WDContainerDemoUITests.xctest */ = {isa = PBXFileReference; explicitFileType = wrapper.cfbundle; includeInIndex = 0; path = WDContainerDemoUITests.xctest; sourceTree = BUILT_PRODUCTS_DIR; };
		EE9FEE4921C0D0CD00767A6E /* WDContainerDemoUITests.m */ = {isa = PBXFileReference; lastKnownFileType = sourcecode.c.objc; path = WDContainerDemoUITests.m; sourceTree = "<group>"; };
		EE9FEE4B21C0D0CD00767A6E /* Info.plist */ = {isa = PBXFileReference; lastKnownFileType = text.plist.xml; path = Info.plist; sourceTree = "<group>"; };
		EE9FEE5521C0D32C00767A6E /* UIViewController+WDContainer.h */ = {isa = PBXFileReference; lastKnownFileType = sourcecode.c.h; path = "UIViewController+WDContainer.h"; sourceTree = "<group>"; };
		EE9FEE5621C0D32C00767A6E /* UIViewController+WDContainer.m */ = {isa = PBXFileReference; lastKnownFileType = sourcecode.c.objc; path = "UIViewController+WDContainer.m"; sourceTree = "<group>"; };
		EE9FEE5821C0EEA100767A6E /* TestVC1.h */ = {isa = PBXFileReference; lastKnownFileType = sourcecode.c.h; path = TestVC1.h; sourceTree = "<group>"; };
		EE9FEE5921C0EEA100767A6E /* TestVC1.m */ = {isa = PBXFileReference; lastKnownFileType = sourcecode.c.objc; path = TestVC1.m; sourceTree = "<group>"; };
		EE9FEE5B21C0EEB400767A6E /* TestVC2.h */ = {isa = PBXFileReference; lastKnownFileType = sourcecode.c.h; path = TestVC2.h; sourceTree = "<group>"; };
		EE9FEE5C21C0EEB400767A6E /* TestVC2.m */ = {isa = PBXFileReference; lastKnownFileType = sourcecode.c.objc; path = TestVC2.m; sourceTree = "<group>"; };
		EE9FEE5E21C0EEC300767A6E /* TestVC3.h */ = {isa = PBXFileReference; lastKnownFileType = sourcecode.c.h; path = TestVC3.h; sourceTree = "<group>"; };
		EE9FEE5F21C0EEC300767A6E /* TestVC3.m */ = {isa = PBXFileReference; lastKnownFileType = sourcecode.c.objc; path = TestVC3.m; sourceTree = "<group>"; };
		EEDE965321C9DC0C005C6C10 /* SecondViewController.h */ = {isa = PBXFileReference; lastKnownFileType = sourcecode.c.h; path = SecondViewController.h; sourceTree = "<group>"; };
		EEDE965421C9DC0C005C6C10 /* SecondViewController.m */ = {isa = PBXFileReference; lastKnownFileType = sourcecode.c.objc; path = SecondViewController.m; sourceTree = "<group>"; };
		EEED79D021C3A60700866ECA /* UIResponder+Event.m */ = {isa = PBXFileReference; fileEncoding = 4; lastKnownFileType = sourcecode.c.objc; path = "UIResponder+Event.m"; sourceTree = "<group>"; };
		EEED79D121C3A60700866ECA /* UIResponder+Event.h */ = {isa = PBXFileReference; fileEncoding = 4; lastKnownFileType = sourcecode.c.h; path = "UIResponder+Event.h"; sourceTree = "<group>"; };
/* End PBXFileReference section */

/* Begin PBXFrameworksBuildPhase section */
		EE9FEE2A21C0D0BE00767A6E /* Frameworks */ = {
			isa = PBXFrameworksBuildPhase;
			buildActionMask = 2147483647;
			files = (
				AE07073816D60D7F20D94356 /* libPods-WDContainerDemo.a in Frameworks */,
			);
			runOnlyForDeploymentPostprocessing = 0;
		};
		EE9FEE4221C0D0CD00767A6E /* Frameworks */ = {
			isa = PBXFrameworksBuildPhase;
			buildActionMask = 2147483647;
			files = (
			);
			runOnlyForDeploymentPostprocessing = 0;
		};
/* End PBXFrameworksBuildPhase section */

/* Begin PBXGroup section */
		460AE2F5DF0D1363DD071094 /* Frameworks */ = {
			isa = PBXGroup;
			children = (
				48B8A8747C21F5285E28EE84 /* libPods-WDContainerDemo.a */,
			);
			name = Frameworks;
			sourceTree = "<group>";
		};
		99477805DA23FAE6C46041A6 /* Pods */ = {
			isa = PBXGroup;
			children = (
				5FDF7F45E31F47D3EF83FECF /* Pods-WDContainerDemo.debug.xcconfig */,
				AE6E3909A2B5762E085B5307 /* Pods-WDContainerDemo.release.xcconfig */,
			);
			name = Pods;
			sourceTree = "<group>";
		};
		EE9FEE2421C0D0BE00767A6E = {
			isa = PBXGroup;
			children = (
				EE9FEE2F21C0D0BE00767A6E /* WDContainerDemo */,
				EE9FEE4821C0D0CD00767A6E /* WDContainerDemoUITests */,
				EE9FEE2E21C0D0BE00767A6E /* Products */,
				99477805DA23FAE6C46041A6 /* Pods */,
				460AE2F5DF0D1363DD071094 /* Frameworks */,
			);
			sourceTree = "<group>";
		};
		EE9FEE2E21C0D0BE00767A6E /* Products */ = {
			isa = PBXGroup;
			children = (
				EE9FEE2D21C0D0BE00767A6E /* WDContainerDemo.app */,
				EE9FEE4521C0D0CD00767A6E /* WDContainerDemoUITests.xctest */,
			);
			name = Products;
			sourceTree = "<group>";
		};
		EE9FEE2F21C0D0BE00767A6E /* WDContainerDemo */ = {
			isa = PBXGroup;
			children = (
				EE9FEE5421C0D2F000767A6E /* Sources */,
				EE9FEE3021C0D0BF00767A6E /* AppDelegate.h */,
				EE9FEE3121C0D0BF00767A6E /* AppDelegate.m */,
				EE9FEE3321C0D0BF00767A6E /* ViewController.h */,
				EE9FEE3421C0D0BF00767A6E /* ViewController.m */,
				EE9FEE3621C0D0BF00767A6E /* Main.storyboard */,
				EE9FEE3921C0D0CD00767A6E /* Assets.xcassets */,
				EE9FEE3B21C0D0CD00767A6E /* LaunchScreen.storyboard */,
				EE9FEE3E21C0D0CD00767A6E /* Info.plist */,
				EE9FEE3F21C0D0CD00767A6E /* main.m */,
				EE9FEE5821C0EEA100767A6E /* TestVC1.h */,
				EE9FEE5921C0EEA100767A6E /* TestVC1.m */,
				EE9FEE5B21C0EEB400767A6E /* TestVC2.h */,
				EE9FEE5C21C0EEB400767A6E /* TestVC2.m */,
				EE9FEE5E21C0EEC300767A6E /* TestVC3.h */,
				EE9FEE5F21C0EEC300767A6E /* TestVC3.m */,
				EEDE965321C9DC0C005C6C10 /* SecondViewController.h */,
				EEDE965421C9DC0C005C6C10 /* SecondViewController.m */,
			);
			path = WDContainerDemo;
			sourceTree = "<group>";
		};
		EE9FEE4821C0D0CD00767A6E /* WDContainerDemoUITests */ = {
			isa = PBXGroup;
			children = (
				EE9FEE4921C0D0CD00767A6E /* WDContainerDemoUITests.m */,
				EE9FEE4B21C0D0CD00767A6E /* Info.plist */,
			);
			path = WDContainerDemoUITests;
			sourceTree = "<group>";
		};
		EE9FEE5421C0D2F000767A6E /* Sources */ = {
			isa = PBXGroup;
			children = (
				EEED79D121C3A60700866ECA /* UIResponder+Event.h */,
				EEED79D021C3A60700866ECA /* UIResponder+Event.m */,
				EE9FEE5521C0D32C00767A6E /* UIViewController+WDContainer.h */,
				EE9FEE5621C0D32C00767A6E /* UIViewController+WDContainer.m */,
			);
			path = Sources;
			sourceTree = "<group>";
		};
/* End PBXGroup section */

/* Begin PBXNativeTarget section */
		EE9FEE2C21C0D0BE00767A6E /* WDContainerDemo */ = {
			isa = PBXNativeTarget;
			buildConfigurationList = EE9FEE4E21C0D0CD00767A6E /* Build configuration list for PBXNativeTarget "WDContainerDemo" */;
			buildPhases = (
				033361587A76E76533E6D8B7 /* [CP] Check Pods Manifest.lock */,
				EE9FEE2921C0D0BE00767A6E /* Sources */,
				EE9FEE2A21C0D0BE00767A6E /* Frameworks */,
				EE9FEE2B21C0D0BE00767A6E /* Resources */,
			);
			buildRules = (
			);
			dependencies = (
			);
			name = WDContainerDemo;
			productName = WDContainerDemo;
			productReference = EE9FEE2D21C0D0BE00767A6E /* WDContainerDemo.app */;
			productType = "com.apple.product-type.application";
		};
		EE9FEE4421C0D0CD00767A6E /* WDContainerDemoUITests */ = {
			isa = PBXNativeTarget;
			buildConfigurationList = EE9FEE5121C0D0CD00767A6E /* Build configuration list for PBXNativeTarget "WDContainerDemoUITests" */;
			buildPhases = (
				EE9FEE4121C0D0CD00767A6E /* Sources */,
				EE9FEE4221C0D0CD00767A6E /* Frameworks */,
				EE9FEE4321C0D0CD00767A6E /* Resources */,
			);
			buildRules = (
			);
			dependencies = (
				EE9FEE4721C0D0CD00767A6E /* PBXTargetDependency */,
			);
			name = WDContainerDemoUITests;
			productName = WDContainerDemoUITests;
			productReference = EE9FEE4521C0D0CD00767A6E /* WDContainerDemoUITests.xctest */;
			productType = "com.apple.product-type.bundle.ui-testing";
		};
/* End PBXNativeTarget section */

/* Begin PBXProject section */
		EE9FEE2521C0D0BE00767A6E /* Project object */ = {
			isa = PBXProject;
			attributes = {
				LastUpgradeCheck = 1010;
				ORGANIZATIONNAME = WonderTek;
				TargetAttributes = {
					EE9FEE2C21C0D0BE00767A6E = {
						CreatedOnToolsVersion = 10.1;
					};
					EE9FEE4421C0D0CD00767A6E = {
						CreatedOnToolsVersion = 10.1;
						TestTargetID = EE9FEE2C21C0D0BE00767A6E;
					};
				};
			};
			buildConfigurationList = EE9FEE2821C0D0BE00767A6E /* Build configuration list for PBXProject "WDContainerDemo" */;
			compatibilityVersion = "Xcode 9.3";
			developmentRegion = en;
			hasScannedForEncodings = 0;
			knownRegions = (
				en,
				Base,
			);
			mainGroup = EE9FEE2421C0D0BE00767A6E;
			productRefGroup = EE9FEE2E21C0D0BE00767A6E /* Products */;
			projectDirPath = "";
			projectRoot = "";
			targets = (
				EE9FEE2C21C0D0BE00767A6E /* WDContainerDemo */,
				EE9FEE4421C0D0CD00767A6E /* WDContainerDemoUITests */,
			);
		};
/* End PBXProject section */

/* Begin PBXResourcesBuildPhase section */
		EE9FEE2B21C0D0BE00767A6E /* Resources */ = {
			isa = PBXResourcesBuildPhase;
			buildActionMask = 2147483647;
			files = (
				EE9FEE3D21C0D0CD00767A6E /* LaunchScreen.storyboard in Resources */,
				EE9FEE3A21C0D0CD00767A6E /* Assets.xcassets in Resources */,
				EE9FEE3821C0D0BF00767A6E /* Main.storyboard in Resources */,
			);
			runOnlyForDeploymentPostprocessing = 0;
		};
		EE9FEE4321C0D0CD00767A6E /* Resources */ = {
			isa = PBXResourcesBuildPhase;
			buildActionMask = 2147483647;
			files = (
			);
			runOnlyForDeploymentPostprocessing = 0;
		};
/* End PBXResourcesBuildPhase section */

/* Begin PBXShellScriptBuildPhase section */
		033361587A76E76533E6D8B7 /* [CP] Check Pods Manifest.lock */ = {
			isa = PBXShellScriptBuildPhase;
			buildActionMask = 2147483647;
			files = (
			);
			inputPaths = (
				"${PODS_PODFILE_DIR_PATH}/Podfile.lock",
				"${PODS_ROOT}/Manifest.lock",
			);
			name = "[CP] Check Pods Manifest.lock";
			outputPaths = (
				"$(DERIVED_FILE_DIR)/Pods-WDContainerDemo-checkManifestLockResult.txt",
			);
			runOnlyForDeploymentPostprocessing = 0;
			shellPath = /bin/sh;
			shellScript = "diff \"${PODS_PODFILE_DIR_PATH}/Podfile.lock\" \"${PODS_ROOT}/Manifest.lock\" > /dev/null\nif [ $? != 0 ] ; then\n    # print error to STDERR\n    echo \"error: The sandbox is not in sync with the Podfile.lock. Run 'pod install' or update your CocoaPods installation.\" >&2\n    exit 1\nfi\n# This output is used by Xcode 'outputs' to avoid re-running this script phase.\necho \"SUCCESS\" > \"${SCRIPT_OUTPUT_FILE_0}\"\n";
			showEnvVarsInLog = 0;
		};
/* End PBXShellScriptBuildPhase section */

/* Begin PBXSourcesBuildPhase section */
		EE9FEE2921C0D0BE00767A6E /* Sources */ = {
			isa = PBXSourcesBuildPhase;
			buildActionMask = 2147483647;
			files = (
				EEDE965521C9DC0C005C6C10 /* SecondViewController.m in Sources */,
				EE9FEE3521C0D0BF00767A6E /* ViewController.m in Sources */,
				EE9FEE4021C0D0CD00767A6E /* main.m in Sources */,
				EE9FEE3221C0D0BF00767A6E /* AppDelegate.m in Sources */,
				EEED79D221C3A60700866ECA /* UIResponder+Event.m in Sources */,
				EE9FEE5D21C0EEB400767A6E /* TestVC2.m in Sources */,
				EE9FEE5A21C0EEA100767A6E /* TestVC1.m in Sources */,
				EE9FEE5721C0D32C00767A6E /* UIViewController+WDContainer.m in Sources */,
				EE9FEE6021C0EEC300767A6E /* TestVC3.m in Sources */,
			);
			runOnlyForDeploymentPostprocessing = 0;
		};
		EE9FEE4121C0D0CD00767A6E /* Sources */ = {
			isa = PBXSourcesBuildPhase;
			buildActionMask = 2147483647;
			files = (
				EE9FEE4A21C0D0CD00767A6E /* WDContainerDemoUITests.m in Sources */,
			);
			runOnlyForDeploymentPostprocessing = 0;
		};
/* End PBXSourcesBuildPhase section */

/* Begin PBXTargetDependency section */
		EE9FEE4721C0D0CD00767A6E /* PBXTargetDependency */ = {
			isa = PBXTargetDependency;
			target = EE9FEE2C21C0D0BE00767A6E /* WDContainerDemo */;
			targetProxy = EE9FEE4621C0D0CD00767A6E /* PBXContainerItemProxy */;
		};
/* End PBXTargetDependency section */

/* Begin PBXVariantGroup section */
		EE9FEE3621C0D0BF00767A6E /* Main.storyboard */ = {
			isa = PBXVariantGroup;
			children = (
				EE9FEE3721C0D0BF00767A6E /* Base */,
			);
			name = Main.storyboard;
			sourceTree = "<group>";
		};
		EE9FEE3B21C0D0CD00767A6E /* LaunchScreen.storyboard */ = {
			isa = PBXVariantGroup;
			children = (
				EE9FEE3C21C0D0CD00767A6E /* Base */,
			);
			name = LaunchScreen.storyboard;
			sourceTree = "<group>";
		};
/* End PBXVariantGroup section */

/* Begin XCBuildConfiguration section */
		EE9FEE4C21C0D0CD00767A6E /* Debug */ = {
			isa = XCBuildConfiguration;
			buildSettings = {
				ALWAYS_SEARCH_USER_PATHS = NO;
				CLANG_ANALYZER_NONNULL = YES;
				CLANG_ANALYZER_NUMBER_OBJECT_CONVERSION = YES_AGGRESSIVE;
				CLANG_CXX_LANGUAGE_STANDARD = "gnu++14";
				CLANG_CXX_LIBRARY = "libc++";
				CLANG_ENABLE_MODULES = YES;
				CLANG_ENABLE_OBJC_ARC = YES;
				CLANG_ENABLE_OBJC_WEAK = YES;
				CLANG_WARN_BLOCK_CAPTURE_AUTORELEASING = YES;
				CLANG_WARN_BOOL_CONVERSION = YES;
				CLANG_WARN_COMMA = YES;
				CLANG_WARN_CONSTANT_CONVERSION = YES;
				CLANG_WARN_DEPRECATED_OBJC_IMPLEMENTATIONS = YES;
				CLANG_WARN_DIRECT_OBJC_ISA_USAGE = YES_ERROR;
				CLANG_WARN_DOCUMENTATION_COMMENTS = YES;
				CLANG_WARN_EMPTY_BODY = YES;
				CLANG_WARN_ENUM_CONVERSION = YES;
				CLANG_WARN_INFINITE_RECURSION = YES;
				CLANG_WARN_INT_CONVERSION = YES;
				CLANG_WARN_NON_LITERAL_NULL_CONVERSION = YES;
				CLANG_WARN_OBJC_IMPLICIT_RETAIN_SELF = YES;
				CLANG_WARN_OBJC_LITERAL_CONVERSION = YES;
				CLANG_WARN_OBJC_ROOT_CLASS = YES_ERROR;
				CLANG_WARN_RANGE_LOOP_ANALYSIS = YES;
				CLANG_WARN_STRICT_PROTOTYPES = YES;
				CLANG_WARN_SUSPICIOUS_MOVE = YES;
				CLANG_WARN_UNGUARDED_AVAILABILITY = YES_AGGRESSIVE;
				CLANG_WARN_UNREACHABLE_CODE = YES;
				CLANG_WARN__DUPLICATE_METHOD_MATCH = YES;
				CODE_SIGN_IDENTITY = "iPhone Developer";
				COPY_PHASE_STRIP = NO;
				DEBUG_INFORMATION_FORMAT = dwarf;
				ENABLE_STRICT_OBJC_MSGSEND = YES;
				ENABLE_TESTABILITY = YES;
				GCC_C_LANGUAGE_STANDARD = gnu11;
				GCC_DYNAMIC_NO_PIC = NO;
				GCC_NO_COMMON_BLOCKS = YES;
				GCC_OPTIMIZATION_LEVEL = 0;
				GCC_PREPROCESSOR_DEFINITIONS = (
					"DEBUG=1",
					"$(inherited)",
				);
				GCC_WARN_64_TO_32_BIT_CONVERSION = YES;
				GCC_WARN_ABOUT_RETURN_TYPE = YES_ERROR;
				GCC_WARN_UNDECLARED_SELECTOR = YES;
				GCC_WARN_UNINITIALIZED_AUTOS = YES_AGGRESSIVE;
				GCC_WARN_UNUSED_FUNCTION = YES;
				GCC_WARN_UNUSED_VARIABLE = YES;
				IPHONEOS_DEPLOYMENT_TARGET = 12.1;
				MTL_ENABLE_DEBUG_INFO = INCLUDE_SOURCE;
				MTL_FAST_MATH = YES;
				ONLY_ACTIVE_ARCH = YES;
				SDKROOT = iphoneos;
			};
			name = Debug;
		};
		EE9FEE4D21C0D0CD00767A6E /* Release */ = {
			isa = XCBuildConfiguration;
			buildSettings = {
				ALWAYS_SEARCH_USER_PATHS = NO;
				CLANG_ANALYZER_NONNULL = YES;
				CLANG_ANALYZER_NUMBER_OBJECT_CONVERSION = YES_AGGRESSIVE;
				CLANG_CXX_LANGUAGE_STANDARD = "gnu++14";
				CLANG_CXX_LIBRARY = "libc++";
				CLANG_ENABLE_MODULES = YES;
				CLANG_ENABLE_OBJC_ARC = YES;
				CLANG_ENABLE_OBJC_WEAK = YES;
				CLANG_WARN_BLOCK_CAPTURE_AUTORELEASING = YES;
				CLANG_WARN_BOOL_CONVERSION = YES;
				CLANG_WARN_COMMA = YES;
				CLANG_WARN_CONSTANT_CONVERSION = YES;
				CLANG_WARN_DEPRECATED_OBJC_IMPLEMENTATIONS = YES;
				CLANG_WARN_DIRECT_OBJC_ISA_USAGE = YES_ERROR;
				CLANG_WARN_DOCUMENTATION_COMMENTS = YES;
				CLANG_WARN_EMPTY_BODY = YES;
				CLANG_WARN_ENUM_CONVERSION = YES;
				CLANG_WARN_INFINITE_RECURSION = YES;
				CLANG_WARN_INT_CONVERSION = YES;
				CLANG_WARN_NON_LITERAL_NULL_CONVERSION = YES;
				CLANG_WARN_OBJC_IMPLICIT_RETAIN_SELF = YES;
				CLANG_WARN_OBJC_LITERAL_CONVERSION = YES;
				CLANG_WARN_OBJC_ROOT_CLASS = YES_ERROR;
				CLANG_WARN_RANGE_LOOP_ANALYSIS = YES;
				CLANG_WARN_STRICT_PROTOTYPES = YES;
				CLANG_WARN_SUSPICIOUS_MOVE = YES;
				CLANG_WARN_UNGUARDED_AVAILABILITY = YES_AGGRESSIVE;
				CLANG_WARN_UNREACHABLE_CODE = YES;
				CLANG_WARN__DUPLICATE_METHOD_MATCH = YES;
				CODE_SIGN_IDENTITY = "iPhone Developer";
				COPY_PHASE_STRIP = NO;
				DEBUG_INFORMATION_FORMAT = "dwarf-with-dsym";
				ENABLE_NS_ASSERTIONS = NO;
				ENABLE_STRICT_OBJC_MSGSEND = YES;
				GCC_C_LANGUAGE_STANDARD = gnu11;
				GCC_NO_COMMON_BLOCKS = YES;
				GCC_WARN_64_TO_32_BIT_CONVERSION = YES;
				GCC_WARN_ABOUT_RETURN_TYPE = YES_ERROR;
				GCC_WARN_UNDECLARED_SELECTOR = YES;
				GCC_WARN_UNINITIALIZED_AUTOS = YES_AGGRESSIVE;
				GCC_WARN_UNUSED_FUNCTION = YES;
				GCC_WARN_UNUSED_VARIABLE = YES;
				IPHONEOS_DEPLOYMENT_TARGET = 12.1;
				MTL_ENABLE_DEBUG_INFO = NO;
				MTL_FAST_MATH = YES;
				SDKROOT = iphoneos;
				VALIDATE_PRODUCT = YES;
			};
			name = Release;
		};
		EE9FEE4F21C0D0CD00767A6E /* Debug */ = {
			isa = XCBuildConfiguration;
			baseConfigurationReference = 5FDF7F45E31F47D3EF83FECF /* Pods-WDContainerDemo.debug.xcconfig */;
			buildSettings = {
				ASSETCATALOG_COMPILER_APPICON_NAME = AppIcon;
				CODE_SIGN_STYLE = Automatic;
				DEVELOPMENT_TEAM = 62S2T4922W;
				INFOPLIST_FILE = WDContainerDemo/Info.plist;
				IPHONEOS_DEPLOYMENT_TARGET = 11.1;
				LD_RUNPATH_SEARCH_PATHS = (
					"$(inherited)",
					"@executable_path/Frameworks",
				);
				PRODUCT_BUNDLE_IDENTIFIER = WonderTek.WDContainerDemo;
				PRODUCT_NAME = "$(TARGET_NAME)";
				TARGETED_DEVICE_FAMILY = "1,2";
			};
			name = Debug;
		};
		EE9FEE5021C0D0CD00767A6E /* Release */ = {
			isa = XCBuildConfiguration;
			baseConfigurationReference = AE6E3909A2B5762E085B5307 /* Pods-WDContainerDemo.release.xcconfig */;
			buildSettings = {
				ASSETCATALOG_COMPILER_APPICON_NAME = AppIcon;
				CODE_SIGN_STYLE = Automatic;
				DEVELOPMENT_TEAM = 62S2T4922W;
				INFOPLIST_FILE = WDContainerDemo/Info.plist;
				IPHONEOS_DEPLOYMENT_TARGET = 11.1;
				LD_RUNPATH_SEARCH_PATHS = (
					"$(inherited)",
					"@executable_path/Frameworks",
				);
				PRODUCT_BUNDLE_IDENTIFIER = WonderTek.WDContainerDemo;
				PRODUCT_NAME = "$(TARGET_NAME)";
				TARGETED_DEVICE_FAMILY = "1,2";
			};
			name = Release;
		};
		EE9FEE5221C0D0CD00767A6E /* Debug */ = {
			isa = XCBuildConfiguration;
			buildSettings = {
				CODE_SIGN_STYLE = Automatic;
				INFOPLIST_FILE = WDContainerDemoUITests/Info.plist;
				LD_RUNPATH_SEARCH_PATHS = (
					"$(inherited)",
					"@executable_path/Frameworks",
					"@loader_path/Frameworks",
				);
				PRODUCT_BUNDLE_IDENTIFIER = WonderTek.WDContainerDemoUITests;
				PRODUCT_NAME = "$(TARGET_NAME)";
				TARGETED_DEVICE_FAMILY = "1,2";
				TEST_TARGET_NAME = WDContainerDemo;
			};
			name = Debug;
		};
		EE9FEE5321C0D0CD00767A6E /* Release */ = {
			isa = XCBuildConfiguration;
			buildSettings = {
				CODE_SIGN_STYLE = Automatic;
				INFOPLIST_FILE = WDContainerDemoUITests/Info.plist;
				LD_RUNPATH_SEARCH_PATHS = (
					"$(inherited)",
					"@executable_path/Frameworks",
					"@loader_path/Frameworks",
				);
				PRODUCT_BUNDLE_IDENTIFIER = WonderTek.WDContainerDemoUITests;
				PRODUCT_NAME = "$(TARGET_NAME)";
				TARGETED_DEVICE_FAMILY = "1,2";
				TEST_TARGET_NAME = WDContainerDemo;
			};
			name = Release;
		};
/* End XCBuildConfiguration section */

/* Begin XCConfigurationList section */
		EE9FEE2821C0D0BE00767A6E /* Build configuration list for PBXProject "WDContainerDemo" */ = {
			isa = XCConfigurationList;
			buildConfigurations = (
				EE9FEE4C21C0D0CD00767A6E /* Debug */,
				EE9FEE4D21C0D0CD00767A6E /* Release */,
			);
			defaultConfigurationIsVisible = 0;
			defaultConfigurationName = Release;
		};
		EE9FEE4E21C0D0CD00767A6E /* Build configuration list for PBXNativeTarget "WDContainerDemo" */ = {
			isa = XCConfigurationList;
			buildConfigurations = (
				EE9FEE4F21C0D0CD00767A6E /* Debug */,
				EE9FEE5021C0D0CD00767A6E /* Release */,
			);
			defaultConfigurationIsVisible = 0;
			defaultConfigurationName = Release;
		};
		EE9FEE5121C0D0CD00767A6E /* Build configuration list for PBXNativeTarget "WDContainerDemoUITests" */ = {
			isa = XCConfigurationList;
			buildConfigurations = (
				EE9FEE5221C0D0CD00767A6E /* Debug */,
				EE9FEE5321C0D0CD00767A6E /* Release */,
			);
			defaultConfigurationIsVisible = 0;
			defaultConfigurationName = Release;
		};
/* End XCConfigurationList section */
	};
	rootObject = EE9FEE2521C0D0BE00767A6E /* Project object */;
}
